
Microsoft Visual Studio Solution File, Format Version 12.00
# Visual Studio Version 17
VisualStudioVersion = 17.14.36518.9 d17.14
MinimumVisualStudioVersion = 10.0.40219.1
Project("{FAE04EC0-301F-11D3-BF4B-00C04F79EFBC}") = "Milestone1App", "Milestone1App\Milestone1App.csproj", "{7F082FA3-43DF-42BA-BE1C-621BFC8B1654}"
EndProject
Global
	GlobalSection(SolutionConfigurationPlatforms) = preSolution
		Debug|Any CPU = Debug|Any CPU
		Release|Any CPU = Release|Any CPU
	EndGlobalSection
	GlobalSection(ProjectConfigurationPlatforms) = postSolution
		{7F082FA3-43DF-42BA-BE1C-621BFC8B1654}.Debug|Any CPU.ActiveCfg = Debug|Any CPU
		{7F082FA3-43DF-42BA-BE1C-621BFC8B1654}.Debug|Any CPU.Build.0 = Debug|Any CPU
		{7F082FA3-43DF-42BA-BE1C-621BFC8B1654}.Release|Any CPU.ActiveCfg = Release|Any CPU
		{7F082FA3-43DF-42BA-BE1C-621BFC8B1654}.Release|Any CPU.Build.0 = Release|Any CPU
	EndGlobalSection
	GlobalSection(SolutionProperties) = preSolution
		HideSolutionNode = FALSE
	EndGlobalSection
	GlobalSection(ExtensibilityGlobals) = postSolution
		SolutionGuid = {062E0411-ACBF-4904-97C4-6105525533B7}
	EndGlobalSection
EndGlobal
